github.com/google/jsonapi v0.0.0-20210217213341-471426f0d974 h1:Ky81DsVhYU2nT6aRWiKssEWxPGBFpdtq1+Op+Ce4gxM=
github.com/google/jsonapi v0.0.0-20210217213341-471426f0d974/go.mod h1:XSx4m2SziAqk9DXY9nz659easTq4q6TyrpYd9tHSm0g=
github.com/gorilla/mux v1.8.0 h1:i40aqfkR1h2SlN9hojwV5ZA91wcXFOvkdNIeFDP5koI=
github.com/gorilla/mux v1.8.0/go.mod h1:DVbg23sWSpFRCP0SfiEN6jmj59UnW/n46BH5rLB71So=
